
Microsoft Visual Studio Solution File, Format Version 11.00
# Visual Studio 2010
Project("{FAE04EC0-301F-11D3-BF4B-00C04F79EFBC}") = "SelezioniObjects", "SelezioniObjects\SelezioniObjects.csproj", "{296C15C6-E08B-472B-A907-B4722F55AD57}"
EndProject
Project("{FAE04EC0-301F-11D3-BF4B-00C04F79EFBC}") = "clDB", "clDB\clDB.csproj", "{89B7F1E8-6DD7-48F9-9B55-DB8500B4559B}"
EndProject
Project("{FAE04EC0-301F-11D3-BF4B-00C04F79EFBC}") = "SelezioniWebApp", "SelezioniWebApp\SelezioniWebApp.csproj", "{200F8E06-2162-4E3D-818E-FB6703F542D7}"
EndProject
Project("{FAE04EC0-301F-11D3-BF4B-00C04F79EFBC}") = "SelezioniRep", "SelezioniRep\SelezioniRep.csproj", "{2500A082-4BA3-45A7-B801-7C5B9ECA3CF0}"
EndProject
Project("{2150E333-8FDC-42A3-9474-1A3956D46DE8}") = "Solution Items", "Solution Items", "{DEF0EE43-4D24-4235-B63E-8FFDDAEDFDDC}"
EndProject
Project("{FAE04EC0-301F-11D3-BF4B-00C04F79EFBC}") = "CustomExceptions", "CustomExceptions\CustomExceptions.csproj", "{04E1A32D-F0EC-4477-8790-9F928EBC60E7}"
EndProject
Global
	GlobalSection(SolutionConfigurationPlatforms) = preSolution
		Debug|Any CPU = Debug|Any CPU
		Release|Any CPU = Release|Any CPU
	EndGlobalSection
	GlobalSection(ProjectConfigurationPlatforms) = postSolution
		{296C15C6-E08B-472B-A907-B4722F55AD57}.Debug|Any CPU.ActiveCfg = Debug|Any CPU
		{296C15C6-E08B-472B-A907-B4722F55AD57}.Debug|Any CPU.Build.0 = Debug|Any CPU
		{296C15C6-E08B-472B-A907-B4722F55AD57}.Release|Any CPU.ActiveCfg = Release|Any CPU
		{296C15C6-E08B-472B-A907-B4722F55AD57}.Release|Any CPU.Build.0 = Release|Any CPU
		{89B7F1E8-6DD7-48F9-9B55-DB8500B4559B}.Debug|Any CPU.ActiveCfg = Debug|Any CPU
		{89B7F1E8-6DD7-48F9-9B55-DB8500B4559B}.Debug|Any CPU.Build.0 = Debug|Any CPU
		{89B7F1E8-6DD7-48F9-9B55-DB8500B4559B}.Release|Any CPU.ActiveCfg = Release|Any CPU
		{89B7F1E8-6DD7-48F9-9B55-DB8500B4559B}.Release|Any CPU.Build.0 = Release|Any CPU
		{200F8E06-2162-4E3D-818E-FB6703F542D7}.Debug|Any CPU.ActiveCfg = Release|Any CPU
		{200F8E06-2162-4E3D-818E-FB6703F542D7}.Debug|Any CPU.Build.0 = Release|Any CPU
		{200F8E06-2162-4E3D-818E-FB6703F542D7}.Release|Any CPU.ActiveCfg = Release|Any CPU
		{200F8E06-2162-4E3D-818E-FB6703F542D7}.Release|Any CPU.Build.0 = Release|Any CPU
		{2500A082-4BA3-45A7-B801-7C5B9ECA3CF0}.Debug|Any CPU.ActiveCfg = Debug|Any CPU
		{2500A082-4BA3-45A7-B801-7C5B9ECA3CF0}.Debug|Any CPU.Build.0 = Debug|Any CPU
		{2500A082-4BA3-45A7-B801-7C5B9ECA3CF0}.Release|Any CPU.ActiveCfg = Release|Any CPU
		{2500A082-4BA3-45A7-B801-7C5B9ECA3CF0}.Release|Any CPU.Build.0 = Release|Any CPU
		{04E1A32D-F0EC-4477-8790-9F928EBC60E7}.Debug|Any CPU.ActiveCfg = Release|Any CPU
		{04E1A32D-F0EC-4477-8790-9F928EBC60E7}.Debug|Any CPU.Build.0 = Release|Any CPU
		{04E1A32D-F0EC-4477-8790-9F928EBC60E7}.Release|Any CPU.ActiveCfg = Release|Any CPU
		{04E1A32D-F0EC-4477-8790-9F928EBC60E7}.Release|Any CPU.Build.0 = Release|Any CPU
	EndGlobalSection
	GlobalSection(SolutionProperties) = preSolution
		HideSolutionNode = FALSE
	EndGlobalSection
EndGlobal
